
Microsoft Visual Studio Solution File, Format Version 12.00
# Visual Studio Version 17
VisualStudioVersion = 17.11.35222.181
MinimumVisualStudioVersion = 10.0.40219.1
Project("{8BC9CEB8-8B4A-11D0-8D11-00A0C91BC942}") = "Lab 14-Color Class", "Lab 14-Color Class\Lab 14-Color Class.vcxproj", "{86E37650-8291-4938-8780-8B5FA93C1532}"
EndProject
Global
	GlobalSection(SolutionConfigurationPlatforms) = preSolution
		Debug|x64 = Debug|x64
		Debug|x86 = Debug|x86
		Release|x64 = Release|x64
		Release|x86 = Release|x86
	EndGlobalSection
	GlobalSection(ProjectConfigurationPlatforms) = postSolution
		{86E37650-8291-4938-8780-8B5FA93C1532}.Debug|x64.ActiveCfg = Debug|x64
		{86E37650-8291-4938-8780-8B5FA93C1532}.Debug|x64.Build.0 = Debug|x64
		{86E37650-8291-4938-8780-8B5FA93C1532}.Debug|x86.ActiveCfg = Debug|Win32
		{86E37650-8291-4938-8780-8B5FA93C1532}.Debug|x86.Build.0 = Debug|Win32
		{86E37650-8291-4938-8780-8B5FA93C1532}.Release|x64.ActiveCfg = Release|x64
		{86E37650-8291-4938-8780-8B5FA93C1532}.Release|x64.Build.0 = Release|x64
		{86E37650-8291-4938-8780-8B5FA93C1532}.Release|x86.ActiveCfg = Release|Win32
		{86E37650-8291-4938-8780-8B5FA93C1532}.Release|x86.Build.0 = Release|Win32
	EndGlobalSection
	GlobalSection(SolutionProperties) = preSolution
		HideSolutionNode = FALSE
	EndGlobalSection
	GlobalSection(ExtensibilityGlobals) = postSolution
		SolutionGuid = {177F3BCC-7C76-47FF-B1A2-BF6556950621}
	EndGlobalSection
EndGlobal
